
Microsoft Visual Studio Solution File, Format Version 12.00
# Visual Studio Version 17
VisualStudioVersion = 17.0.31912.275
MinimumVisualStudioVersion = 10.0.40219.1
Project("{FAE04EC0-301F-11D3-BF4B-00C04F79EFBC}") = "YnovDevops2", "YnovDevops2\YnovDevops2.csproj", "{68CD24EA-08F5-4A35-8B6E-07E4285878E7}"
EndProject
Global
	GlobalSection(SolutionConfigurationPlatforms) = preSolution
		Debug|Any CPU = Debug|Any CPU
		Release|Any CPU = Release|Any CPU
	EndGlobalSection
	GlobalSection(ProjectConfigurationPlatforms) = postSolution
		{68CD24EA-08F5-4A35-8B6E-07E4285878E7}.Debug|Any CPU.ActiveCfg = Debug|Any CPU
		{68CD24EA-08F5-4A35-8B6E-07E4285878E7}.Debug|Any CPU.Build.0 = Debug|Any CPU
		{68CD24EA-08F5-4A35-8B6E-07E4285878E7}.Release|Any CPU.ActiveCfg = Release|Any CPU
		{68CD24EA-08F5-4A35-8B6E-07E4285878E7}.Release|Any CPU.Build.0 = Release|Any CPU
	EndGlobalSection
	GlobalSection(SolutionProperties) = preSolution
		HideSolutionNode = FALSE
	EndGlobalSection
	GlobalSection(ExtensibilityGlobals) = postSolution
		SolutionGuid = {EE80BC3A-6CE2-4AE3-A359-BFA5A3A5D1E8}
	EndGlobalSection
EndGlobal
